
Microsoft Visual Studio Solution File, Format Version 12.00
# Visual Studio 15
VisualStudioVersion = 15.0.27428.2037
MinimumVisualStudioVersion = 10.0.40219.1
Project("{FAE04EC0-301F-11D3-BF4B-00C04F79EFBC}") = "investidoraz", "investidoraz\investidoraz.csproj", "{9703282A-6F07-462A-A76C-54D41FE1BE63}"
EndProject
Global
	GlobalSection(SolutionConfigurationPlatforms) = preSolution
		Debug|Any CPU = Debug|Any CPU
		Release|Any CPU = Release|Any CPU
	EndGlobalSection
	GlobalSection(ProjectConfigurationPlatforms) = postSolution
		{9703282A-6F07-462A-A76C-54D41FE1BE63}.Debug|Any CPU.ActiveCfg = Debug|Any CPU
		{9703282A-6F07-462A-A76C-54D41FE1BE63}.Debug|Any CPU.Build.0 = Debug|Any CPU
		{9703282A-6F07-462A-A76C-54D41FE1BE63}.Release|Any CPU.ActiveCfg = Release|Any CPU
		{9703282A-6F07-462A-A76C-54D41FE1BE63}.Release|Any CPU.Build.0 = Release|Any CPU
	EndGlobalSection
	GlobalSection(SolutionProperties) = preSolution
		HideSolutionNode = FALSE
	EndGlobalSection
	GlobalSection(ExtensibilityGlobals) = postSolution
		SolutionGuid = {3EA59933-A354-4922-9906-C654BC8D3E51}
	EndGlobalSection
EndGlobal
